
Microsoft Visual Studio Solution File, Format Version 12.00
# Visual Studio Version 17
VisualStudioVersion = 17.9.34616.47
MinimumVisualStudioVersion = 10.0.40219.1
Project("{FAE04EC0-301F-11D3-BF4B-00C04F79EFBC}") = "Prezentare-Converters", "Prezentare-Converters.csproj", "{A0C37658-B8B0-4C9E-8116-EB8D268E3220}"
EndProject
Global
	GlobalSection(SolutionConfigurationPlatforms) = preSolution
		Debug|Any CPU = Debug|Any CPU
		Release|Any CPU = Release|Any CPU
	EndGlobalSection
	GlobalSection(ProjectConfigurationPlatforms) = postSolution
		{A0C37658-B8B0-4C9E-8116-EB8D268E3220}.Debug|Any CPU.ActiveCfg = Debug|Any CPU
		{A0C37658-B8B0-4C9E-8116-EB8D268E3220}.Debug|Any CPU.Build.0 = Debug|Any CPU
		{A0C37658-B8B0-4C9E-8116-EB8D268E3220}.Release|Any CPU.ActiveCfg = Release|Any CPU
		{A0C37658-B8B0-4C9E-8116-EB8D268E3220}.Release|Any CPU.Build.0 = Release|Any CPU
	EndGlobalSection
	GlobalSection(SolutionProperties) = preSolution
		HideSolutionNode = FALSE
	EndGlobalSection
	GlobalSection(ExtensibilityGlobals) = postSolution
		SolutionGuid = {2A9D1296-CBE5-40FD-ABE3-D7457D1C9A17}
	EndGlobalSection
EndGlobal
